
Microsoft Visual Studio Solution File, Format Version 11.00
# Visual Studio 2010
Project("{E24C65DC-7377-472B-9ABA-BC803B73C61A}") = "WebSite16", "..\..\WebSites\WebSite16\", "{AC7E2150-046C-4496-9457-B0EA4E3D492A}"
	ProjectSection(WebsiteProperties) = preProject
		TargetFrameworkMoniker = ".NETFramework,Version%3Dv4.0"
		Debug.AspNetCompiler.VirtualPath = "/WebSite16"
		Debug.AspNetCompiler.PhysicalPath = "..\..\WebSites\WebSite16\"
		Debug.AspNetCompiler.TargetPath = "PrecompiledWeb\WebSite16\"
		Debug.AspNetCompiler.Updateable = "true"
		Debug.AspNetCompiler.ForceOverwrite = "true"
		Debug.AspNetCompiler.FixedNames = "false"
		Debug.AspNetCompiler.Debug = "True"
		Release.AspNetCompiler.VirtualPath = "/WebSite16"
		Release.AspNetCompiler.PhysicalPath = "..\..\WebSites\WebSite16\"
		Release.AspNetCompiler.TargetPath = "PrecompiledWeb\WebSite16\"
		Release.AspNetCompiler.Updateable = "true"
		Release.AspNetCompiler.ForceOverwrite = "true"
		Release.AspNetCompiler.FixedNames = "false"
		Release.AspNetCompiler.Debug = "False"
		VWDPort = "1033"
		DefaultWebSiteLanguage = "Visual C#"
	EndProjectSection
EndProject
Global
	GlobalSection(SolutionConfigurationPlatforms) = preSolution
		Debug|Any CPU = Debug|Any CPU
	EndGlobalSection
	GlobalSection(ProjectConfigurationPlatforms) = postSolution
		{AC7E2150-046C-4496-9457-B0EA4E3D492A}.Debug|Any CPU.ActiveCfg = Debug|Any CPU
		{AC7E2150-046C-4496-9457-B0EA4E3D492A}.Debug|Any CPU.Build.0 = Debug|Any CPU
	EndGlobalSection
	GlobalSection(SolutionProperties) = preSolution
		HideSolutionNode = FALSE
	EndGlobalSection
EndGlobal
