
Microsoft Visual Studio Solution File, Format Version 11.00
# Visual Studio 2010
Project("{E24C65DC-7377-472B-9ABA-BC803B73C61A}") = "applicationObject(saveVariable)", "..\..\WebSites\applicationObject(saveVariable)\", "{73681360-5D76-44DA-81E1-9F9AAA54D8DC}"
	ProjectSection(WebsiteProperties) = preProject
		TargetFrameworkMoniker = ".NETFramework,Version%3Dv4.0"
		Debug.AspNetCompiler.VirtualPath = "/applicationObject(saveVariable)"
		Debug.AspNetCompiler.PhysicalPath = "..\..\WebSites\applicationObject(saveVariable)\"
		Debug.AspNetCompiler.TargetPath = "PrecompiledWeb\applicationObject(saveVariable)\"
		Debug.AspNetCompiler.Updateable = "true"
		Debug.AspNetCompiler.ForceOverwrite = "true"
		Debug.AspNetCompiler.FixedNames = "false"
		Debug.AspNetCompiler.Debug = "True"
		Release.AspNetCompiler.VirtualPath = "/applicationObject(saveVariable)"
		Release.AspNetCompiler.PhysicalPath = "..\..\WebSites\applicationObject(saveVariable)\"
		Release.AspNetCompiler.TargetPath = "PrecompiledWeb\applicationObject(saveVariable)\"
		Release.AspNetCompiler.Updateable = "true"
		Release.AspNetCompiler.ForceOverwrite = "true"
		Release.AspNetCompiler.FixedNames = "false"
		Release.AspNetCompiler.Debug = "False"
		VWDPort = "6926"
		DefaultWebSiteLanguage = "Visual C#"
	EndProjectSection
EndProject
Global
	GlobalSection(SolutionConfigurationPlatforms) = preSolution
		Debug|Any CPU = Debug|Any CPU
	EndGlobalSection
	GlobalSection(ProjectConfigurationPlatforms) = postSolution
		{73681360-5D76-44DA-81E1-9F9AAA54D8DC}.Debug|Any CPU.ActiveCfg = Debug|Any CPU
		{73681360-5D76-44DA-81E1-9F9AAA54D8DC}.Debug|Any CPU.Build.0 = Debug|Any CPU
	EndGlobalSection
	GlobalSection(SolutionProperties) = preSolution
		HideSolutionNode = FALSE
	EndGlobalSection
EndGlobal
