
Microsoft Visual Studio Solution File, Format Version 11.00
# Visual Studio 2010
Project("{E24C65DC-7377-472B-9ABA-BC803B73C61A}") = "detailed_view", "..\..\WebSites\detailed_view\", "{3A31E0E6-F4C4-41F9-BB6A-A334B0E3111B}"
	ProjectSection(WebsiteProperties) = preProject
		TargetFrameworkMoniker = ".NETFramework,Version%3Dv4.0"
		Debug.AspNetCompiler.VirtualPath = "/detailed_view"
		Debug.AspNetCompiler.PhysicalPath = "..\..\WebSites\detailed_view\"
		Debug.AspNetCompiler.TargetPath = "PrecompiledWeb\detailed_view\"
		Debug.AspNetCompiler.Updateable = "true"
		Debug.AspNetCompiler.ForceOverwrite = "true"
		Debug.AspNetCompiler.FixedNames = "false"
		Debug.AspNetCompiler.Debug = "True"
		Release.AspNetCompiler.VirtualPath = "/detailed_view"
		Release.AspNetCompiler.PhysicalPath = "..\..\WebSites\detailed_view\"
		Release.AspNetCompiler.TargetPath = "PrecompiledWeb\detailed_view\"
		Release.AspNetCompiler.Updateable = "true"
		Release.AspNetCompiler.ForceOverwrite = "true"
		Release.AspNetCompiler.FixedNames = "false"
		Release.AspNetCompiler.Debug = "False"
		VWDPort = "18470"
		DefaultWebSiteLanguage = "Visual C#"
	EndProjectSection
EndProject
Global
	GlobalSection(SolutionConfigurationPlatforms) = preSolution
		Debug|Any CPU = Debug|Any CPU
	EndGlobalSection
	GlobalSection(ProjectConfigurationPlatforms) = postSolution
		{3A31E0E6-F4C4-41F9-BB6A-A334B0E3111B}.Debug|Any CPU.ActiveCfg = Debug|Any CPU
		{3A31E0E6-F4C4-41F9-BB6A-A334B0E3111B}.Debug|Any CPU.Build.0 = Debug|Any CPU
	EndGlobalSection
	GlobalSection(SolutionProperties) = preSolution
		HideSolutionNode = FALSE
	EndGlobalSection
EndGlobal
