
Microsoft Visual Studio Solution File, Format Version 11.00
# Visual Studio 2010
Project("{E24C65DC-7377-472B-9ABA-BC803B73C61A}") = "template_concept", "..\..\WebSites\template_concept\", "{B2A89011-9A3E-45B2-AB5B-5603EB3F2799}"
	ProjectSection(WebsiteProperties) = preProject
		TargetFrameworkMoniker = ".NETFramework,Version%3Dv4.0"
		Debug.AspNetCompiler.VirtualPath = "/template_concept"
		Debug.AspNetCompiler.PhysicalPath = "..\..\WebSites\template_concept\"
		Debug.AspNetCompiler.TargetPath = "PrecompiledWeb\template_concept\"
		Debug.AspNetCompiler.Updateable = "true"
		Debug.AspNetCompiler.ForceOverwrite = "true"
		Debug.AspNetCompiler.FixedNames = "false"
		Debug.AspNetCompiler.Debug = "True"
		Release.AspNetCompiler.VirtualPath = "/template_concept"
		Release.AspNetCompiler.PhysicalPath = "..\..\WebSites\template_concept\"
		Release.AspNetCompiler.TargetPath = "PrecompiledWeb\template_concept\"
		Release.AspNetCompiler.Updateable = "true"
		Release.AspNetCompiler.ForceOverwrite = "true"
		Release.AspNetCompiler.FixedNames = "false"
		Release.AspNetCompiler.Debug = "False"
		VWDPort = "14145"
		DefaultWebSiteLanguage = "Visual C#"
	EndProjectSection
EndProject
Global
	GlobalSection(SolutionConfigurationPlatforms) = preSolution
		Debug|Any CPU = Debug|Any CPU
	EndGlobalSection
	GlobalSection(ProjectConfigurationPlatforms) = postSolution
		{B2A89011-9A3E-45B2-AB5B-5603EB3F2799}.Debug|Any CPU.ActiveCfg = Debug|Any CPU
		{B2A89011-9A3E-45B2-AB5B-5603EB3F2799}.Debug|Any CPU.Build.0 = Debug|Any CPU
	EndGlobalSection
	GlobalSection(SolutionProperties) = preSolution
		HideSolutionNode = FALSE
	EndGlobalSection
EndGlobal
